
Microsoft Visual Studio Solution File, Format Version 12.00
# Visual Studio 2012
Project("{FAE04EC0-301F-11D3-BF4B-00C04F79EFBC}") = "TaskHistory.Bindings", "TaskHistory.Bindings\TaskHistory.Bindings.csproj", "{513BEE59-6C11-49FE-9B3B-72CFBC501AF9}"
EndProject
Project("{FAE04EC0-301F-11D3-BF4B-00C04F79EFBC}") = "TaskHistory.Impl", "TaskHistory.Impl\TaskHistory.Impl.csproj", "{72D931D2-0537-4089-A50A-D7E2622073A2}"
EndProject
Project("{FAE04EC0-301F-11D3-BF4B-00C04F79EFBC}") = "TaskHistory.Api", "TaskHistory.Api\TaskHistory.Api.csproj", "{D9A05272-F06F-4AF4-816C-FB3B8E770AFA}"
EndProject
Project("{FAE04EC0-301F-11D3-BF4B-00C04F79EFBC}") = "TaskHistory.Orchestrator", "TaskHistory.Orchestrator\TaskHistory.Orchestrator.csproj", "{9B92E6DC-65A8-4CE9-B093-4A64556FFCED}"
EndProject
Project("{FAE04EC0-301F-11D3-BF4B-00C04F79EFBC}") = "TaskHistory.ViewModel", "TaskHistory.ViewModel\TaskHistory.ViewModel.csproj", "{012C3866-D51D-4917-AFC6-1B7AD7DD6FC7}"
EndProject
Project("{FAE04EC0-301F-11D3-BF4B-00C04F79EFBC}") = "TaskHistory.ObjectMapper", "TaskHistory.ObjectMapper\TaskHistory.ObjectMapper.csproj", "{326E57DF-28B8-49BD-977E-2463D328CAA4}"
EndProject
Project("{FAE04EC0-301F-11D3-BF4B-00C04F79EFBC}") = "TaskHistory.Impl.Test", "TaskHistory.Impl.Test\TaskHistory.Impl.Test.csproj", "{8BA24FD3-EC23-4201-AB5D-6EA2E363DA83}"
EndProject
Project("{FAE04EC0-301F-11D3-BF4B-00C04F79EFBC}") = "TaskHistory.WebApp", "TaskHistory.WebApp\TaskHistory.WebApp.csproj", "{38673E33-19E3-4907-B048-3E21972D3FE1}"
EndProject
Project("{FAE04EC0-301F-11D3-BF4B-00C04F79EFBC}") = "WebApiTest", "WebApiTest\WebApiTest.csproj", "{4C32FFC3-FBD1-44B4-9C17-F3F8EC61D916}"
EndProject
Project("{FAE04EC0-301F-11D3-BF4B-00C04F79EFBC}") = "WebApiTest.Tests", "WebApiTest.Tests\WebApiTest.Tests.csproj", "{8909B949-B43A-4E49-9ED6-E70A00D22F12}"
EndProject
Global
	GlobalSection(SolutionConfigurationPlatforms) = preSolution
		Debug|Any CPU = Debug|Any CPU
		Release|Any CPU = Release|Any CPU
	EndGlobalSection
	GlobalSection(ProjectConfigurationPlatforms) = postSolution
		{012C3866-D51D-4917-AFC6-1B7AD7DD6FC7}.Debug|Any CPU.ActiveCfg = Debug|Any CPU
		{012C3866-D51D-4917-AFC6-1B7AD7DD6FC7}.Debug|Any CPU.Build.0 = Debug|Any CPU
		{012C3866-D51D-4917-AFC6-1B7AD7DD6FC7}.Release|Any CPU.ActiveCfg = Release|Any CPU
		{012C3866-D51D-4917-AFC6-1B7AD7DD6FC7}.Release|Any CPU.Build.0 = Release|Any CPU
		{326E57DF-28B8-49BD-977E-2463D328CAA4}.Debug|Any CPU.ActiveCfg = Debug|Any CPU
		{326E57DF-28B8-49BD-977E-2463D328CAA4}.Debug|Any CPU.Build.0 = Debug|Any CPU
		{326E57DF-28B8-49BD-977E-2463D328CAA4}.Release|Any CPU.ActiveCfg = Release|Any CPU
		{326E57DF-28B8-49BD-977E-2463D328CAA4}.Release|Any CPU.Build.0 = Release|Any CPU
		{513BEE59-6C11-49FE-9B3B-72CFBC501AF9}.Debug|Any CPU.ActiveCfg = Debug|Any CPU
		{513BEE59-6C11-49FE-9B3B-72CFBC501AF9}.Debug|Any CPU.Build.0 = Debug|Any CPU
		{513BEE59-6C11-49FE-9B3B-72CFBC501AF9}.Release|Any CPU.ActiveCfg = Release|Any CPU
		{513BEE59-6C11-49FE-9B3B-72CFBC501AF9}.Release|Any CPU.Build.0 = Release|Any CPU
		{72D931D2-0537-4089-A50A-D7E2622073A2}.Debug|Any CPU.ActiveCfg = Debug|Any CPU
		{72D931D2-0537-4089-A50A-D7E2622073A2}.Debug|Any CPU.Build.0 = Debug|Any CPU
		{72D931D2-0537-4089-A50A-D7E2622073A2}.Release|Any CPU.ActiveCfg = Release|Any CPU
		{72D931D2-0537-4089-A50A-D7E2622073A2}.Release|Any CPU.Build.0 = Release|Any CPU
		{8BA24FD3-EC23-4201-AB5D-6EA2E363DA83}.Debug|Any CPU.ActiveCfg = Debug|Any CPU
		{8BA24FD3-EC23-4201-AB5D-6EA2E363DA83}.Debug|Any CPU.Build.0 = Debug|Any CPU
		{8BA24FD3-EC23-4201-AB5D-6EA2E363DA83}.Release|Any CPU.ActiveCfg = Release|Any CPU
		{8BA24FD3-EC23-4201-AB5D-6EA2E363DA83}.Release|Any CPU.Build.0 = Release|Any CPU
		{9B92E6DC-65A8-4CE9-B093-4A64556FFCED}.Debug|Any CPU.ActiveCfg = Debug|Any CPU
		{9B92E6DC-65A8-4CE9-B093-4A64556FFCED}.Debug|Any CPU.Build.0 = Debug|Any CPU
		{9B92E6DC-65A8-4CE9-B093-4A64556FFCED}.Release|Any CPU.ActiveCfg = Release|Any CPU
		{9B92E6DC-65A8-4CE9-B093-4A64556FFCED}.Release|Any CPU.Build.0 = Release|Any CPU
		{D9A05272-F06F-4AF4-816C-FB3B8E770AFA}.Debug|Any CPU.ActiveCfg = Debug|Any CPU
		{D9A05272-F06F-4AF4-816C-FB3B8E770AFA}.Debug|Any CPU.Build.0 = Debug|Any CPU
		{D9A05272-F06F-4AF4-816C-FB3B8E770AFA}.Release|Any CPU.ActiveCfg = Release|Any CPU
		{D9A05272-F06F-4AF4-816C-FB3B8E770AFA}.Release|Any CPU.Build.0 = Release|Any CPU
		{38673E33-19E3-4907-B048-3E21972D3FE1}.Debug|Any CPU.ActiveCfg = Debug|Any CPU
		{38673E33-19E3-4907-B048-3E21972D3FE1}.Debug|Any CPU.Build.0 = Debug|Any CPU
		{38673E33-19E3-4907-B048-3E21972D3FE1}.Release|Any CPU.ActiveCfg = Release|Any CPU
		{38673E33-19E3-4907-B048-3E21972D3FE1}.Release|Any CPU.Build.0 = Release|Any CPU
		{4C32FFC3-FBD1-44B4-9C17-F3F8EC61D916}.Debug|Any CPU.ActiveCfg = Debug|Any CPU
		{4C32FFC3-FBD1-44B4-9C17-F3F8EC61D916}.Debug|Any CPU.Build.0 = Debug|Any CPU
		{4C32FFC3-FBD1-44B4-9C17-F3F8EC61D916}.Release|Any CPU.ActiveCfg = Release|Any CPU
		{4C32FFC3-FBD1-44B4-9C17-F3F8EC61D916}.Release|Any CPU.Build.0 = Release|Any CPU
		{8909B949-B43A-4E49-9ED6-E70A00D22F12}.Debug|Any CPU.ActiveCfg = Debug|Any CPU
		{8909B949-B43A-4E49-9ED6-E70A00D22F12}.Debug|Any CPU.Build.0 = Debug|Any CPU
		{8909B949-B43A-4E49-9ED6-E70A00D22F12}.Release|Any CPU.ActiveCfg = Release|Any CPU
		{8909B949-B43A-4E49-9ED6-E70A00D22F12}.Release|Any CPU.Build.0 = Release|Any CPU
	EndGlobalSection
EndGlobal
