
Microsoft Visual Studio Solution File, Format Version 12.00
# Visual Studio 2012
Project("{FAE04EC0-301F-11D3-BF4B-00C04F79EFBC}") = "TaskHistoryImpl", "TaskHistoryImpl\TaskHistoryImpl.csproj", "{72D931D2-0537-4089-A50A-D7E2622073A2}"
EndProject
Project("{FAE04EC0-301F-11D3-BF4B-00C04F79EFBC}") = "TaskHistoryImplTest", "TaskHistoryImplTest\TaskHistoryImplTest.csproj", "{6554A38F-BC34-461A-AF63-D5F573AD9983}"
EndProject
Project("{FAE04EC0-301F-11D3-BF4B-00C04F79EFBC}") = "TaskHistoryApi", "TaskHistoryApi\TaskHistoryApi.csproj", "{D9A05272-F06F-4AF4-816C-FB3B8E770AFA}"
EndProject
Project("{FAE04EC0-301F-11D3-BF4B-00C04F79EFBC}") = "TaskHistory", "TaskHistory\TaskHistory.csproj", "{4C636183-7D20-466E-B2AB-E279582C5285}"
EndProject
Global
	GlobalSection(SolutionConfigurationPlatforms) = preSolution
		Debug|Any CPU = Debug|Any CPU
		Release|Any CPU = Release|Any CPU
	EndGlobalSection
	GlobalSection(ProjectConfigurationPlatforms) = postSolution
		{4C636183-7D20-466E-B2AB-E279582C5285}.Debug|Any CPU.ActiveCfg = Debug|Any CPU
		{4C636183-7D20-466E-B2AB-E279582C5285}.Debug|Any CPU.Build.0 = Debug|Any CPU
		{4C636183-7D20-466E-B2AB-E279582C5285}.Release|Any CPU.ActiveCfg = Release|Any CPU
		{4C636183-7D20-466E-B2AB-E279582C5285}.Release|Any CPU.Build.0 = Release|Any CPU
		{6554A38F-BC34-461A-AF63-D5F573AD9983}.Debug|Any CPU.ActiveCfg = Debug|Any CPU
		{6554A38F-BC34-461A-AF63-D5F573AD9983}.Debug|Any CPU.Build.0 = Debug|Any CPU
		{6554A38F-BC34-461A-AF63-D5F573AD9983}.Release|Any CPU.ActiveCfg = Release|Any CPU
		{6554A38F-BC34-461A-AF63-D5F573AD9983}.Release|Any CPU.Build.0 = Release|Any CPU
		{72D931D2-0537-4089-A50A-D7E2622073A2}.Debug|Any CPU.ActiveCfg = Debug|Any CPU
		{72D931D2-0537-4089-A50A-D7E2622073A2}.Debug|Any CPU.Build.0 = Debug|Any CPU
		{72D931D2-0537-4089-A50A-D7E2622073A2}.Release|Any CPU.ActiveCfg = Release|Any CPU
		{72D931D2-0537-4089-A50A-D7E2622073A2}.Release|Any CPU.Build.0 = Release|Any CPU
		{D9A05272-F06F-4AF4-816C-FB3B8E770AFA}.Debug|Any CPU.ActiveCfg = Debug|Any CPU
		{D9A05272-F06F-4AF4-816C-FB3B8E770AFA}.Debug|Any CPU.Build.0 = Debug|Any CPU
		{D9A05272-F06F-4AF4-816C-FB3B8E770AFA}.Release|Any CPU.ActiveCfg = Release|Any CPU
		{D9A05272-F06F-4AF4-816C-FB3B8E770AFA}.Release|Any CPU.Build.0 = Release|Any CPU
	EndGlobalSection
EndGlobal
